{
  "name": "sapinsidetrack-sydney-2019-09",
  "version": "1.0.0",
  "lockfileVersion": 1,
  "requires": true,
  "dependencies": {
    "@openui5/sap.m": {
      "version": "1.69.1",
      "resolved": "https://registry.npmjs.org/@openui5/sap.m/-/sap.m-1.69.1.tgz",
      "integrity": "sha512-6o4z7WJ+wMiaaVfwwMPIcyhU5NYaaafvmDNDu3En2VLquRlQIUsmmp+IoMpXNt2+YX+E+JCXsWZbphbtme1K2Q==",
      "requires": {
        "@openui5/sap.ui.core": "1.69.1",
        "@openui5/sap.ui.layout": "1.69.1",
        "@openui5/sap.ui.unified": "1.69.1"
      }
    },
    "@openui5/sap.ui.codeeditor": {
      "version": "1.69.1",
      "resolved": "https://registry.npmjs.org/@openui5/sap.ui.codeeditor/-/sap.ui.codeeditor-1.69.1.tgz",
      "integrity": "sha512-AKxPw36eupd2CC7PSGVWjb9hpEr8rE7KCw/dGUzcTLfcG8H5l2SFJSjl45mur+rUl/1XDfBimor8JOUXc2QUIg==",
      "requires": {
        "@openui5/sap.ui.core": "1.69.1"
      }
    },
    "@openui5/sap.ui.core": {
      "version": "1.69.1",
      "resolved": "https://registry.npmjs.org/@openui5/sap.ui.core/-/sap.ui.core-1.69.1.tgz",
      "integrity": "sha512-1p2EEob1RdV42hYO/R4iVrUZwqUks0f5EIao02YGycTeIJyhpvjxkW1LfUZ01hDek/P+XecYvU7ycejJ2XphqQ=="
    },
    "@openui5/sap.ui.fl": {
      "version": "1.69.1",
      "resolved": "https://registry.npmjs.org/@openui5/sap.ui.fl/-/sap.ui.fl-1.69.1.tgz",
      "integrity": "sha512-G/hBqjRNtLNF9JOjRSvwhQREvAqsSJEvO76zjGmNv+dYtxHZrjMzC15YYslORkoMMCplEPEuZzoG9/f/+Z/eoQ==",
      "requires": {
        "@openui5/sap.m": "1.69.1",
        "@openui5/sap.ui.core": "1.69.1"
      }
    },
    "@openui5/sap.ui.layout": {
      "version": "1.69.1",
      "resolved": "https://registry.npmjs.org/@openui5/sap.ui.layout/-/sap.ui.layout-1.69.1.tgz",
      "integrity": "sha512-1pQErkuO9uuWO9SFv/C2dHcl54VndKLvGYg1PQaUoHUX0IBpbFG4cSHBWzERHQw2uNAqlqY9c3cTdcOPW2fnfw==",
      "requires": {
        "@openui5/sap.ui.core": "1.69.1"
      }
    },
    "@openui5/sap.ui.support": {
      "version": "1.69.1",
      "resolved": "https://registry.npmjs.org/@openui5/sap.ui.support/-/sap.ui.support-1.69.1.tgz",
      "integrity": "sha512-3zoFtI3Cag9XrVAtCaHzGQDjjN1RbY2pUgEtBtaW7HfDSU14OWS5OZCDFiuZTC/ArZV6e7Xsfy52uS6txmc3PQ==",
      "requires": {
        "@openui5/sap.m": "1.69.1",
        "@openui5/sap.ui.codeeditor": "1.69.1",
        "@openui5/sap.ui.core": "1.69.1",
        "@openui5/sap.ui.fl": "1.69.1",
        "@openui5/sap.ui.layout": "1.69.1",
        "@openui5/themelib_sap_belize": "1.69.1"
      }
    },
    "@openui5/sap.ui.unified": {
      "version": "1.69.1",
      "resolved": "https://registry.npmjs.org/@openui5/sap.ui.unified/-/sap.ui.unified-1.69.1.tgz",
      "integrity": "sha512-15C1N3YBoZbmCBKb8j6CDJOxtD9dRuxE91NrMeX9AO0EHctGrlmpUSI8q2zXPkOaFpW6Ma5xHpflK9G97lhUCA==",
      "requires": {
        "@openui5/sap.ui.core": "1.69.1"
      }
    },
    "@openui5/themelib_sap_belize": {
      "version": "1.69.1",
      "resolved": "https://registry.npmjs.org/@openui5/themelib_sap_belize/-/themelib_sap_belize-1.69.1.tgz",
      "integrity": "sha512-4/i7DGRSdPS4EzvWQR273A+mcAoToU9+pMJruyw1qD1TyyHMoDUODMmOQhgldZFVutB8GCyLtdP4zIsuUIXD1w=="
    }
  }
}
